
Microsoft Visual Studio Solution File, Format Version 12.00
# Visual Studio Version 17
VisualStudioVersion = 17.2.32516.85
MinimumVisualStudioVersion = 10.0.40219.1
Project("{9A19103F-16F7-4668-BE54-9A1E7A4F7556}") = "TestGaleForce.Parsers", "..\TestGaleForce.Parsers\TestGaleForce.Parsers.csproj", "{4858BC2E-4C78-4752-B6D7-425504881DD3}"
EndProject
Project("{9A19103F-16F7-4668-BE54-9A1E7A4F7556}") = "GaleForce.Parsers", "GaleForce.Parsers.csproj", "{58C3D910-3274-4AF8-A13B-F55FA3BA4934}"
EndProject
Global
	GlobalSection(SolutionConfigurationPlatforms) = preSolution
		Debug|Any CPU = Debug|Any CPU
		Release|Any CPU = Release|Any CPU
	EndGlobalSection
	GlobalSection(ProjectConfigurationPlatforms) = postSolution
		{4858BC2E-4C78-4752-B6D7-425504881DD3}.Debug|Any CPU.ActiveCfg = Debug|Any CPU
		{4858BC2E-4C78-4752-B6D7-425504881DD3}.Debug|Any CPU.Build.0 = Debug|Any CPU
		{4858BC2E-4C78-4752-B6D7-425504881DD3}.Release|Any CPU.ActiveCfg = Release|Any CPU
		{4858BC2E-4C78-4752-B6D7-425504881DD3}.Release|Any CPU.Build.0 = Release|Any CPU
		{58C3D910-3274-4AF8-A13B-F55FA3BA4934}.Debug|Any CPU.ActiveCfg = Debug|Any CPU
		{58C3D910-3274-4AF8-A13B-F55FA3BA4934}.Debug|Any CPU.Build.0 = Debug|Any CPU
		{58C3D910-3274-4AF8-A13B-F55FA3BA4934}.Release|Any CPU.ActiveCfg = Release|Any CPU
		{58C3D910-3274-4AF8-A13B-F55FA3BA4934}.Release|Any CPU.Build.0 = Release|Any CPU
	EndGlobalSection
	GlobalSection(SolutionProperties) = preSolution
		HideSolutionNode = FALSE
	EndGlobalSection
	GlobalSection(ExtensibilityGlobals) = postSolution
		SolutionGuid = {35B6FCE2-D98E-4F27-8E00-4E9F100C6D3C}
	EndGlobalSection
EndGlobal
